
Microsoft Visual Studio Solution File, Format Version 12.00
# Visual Studio Version 17
VisualStudioVersion = 17.5.33424.131
MinimumVisualStudioVersion = 10.0.40219.1
Project("{FAE04EC0-301F-11D3-BF4B-00C04F79EFBC}") = "APIatv280823", "APIatv280823\APIatv280823.csproj", "{866B676A-691C-45BF-A128-9B0B28E45F83}"
EndProject
Global
	GlobalSection(SolutionConfigurationPlatforms) = preSolution
		Debug|Any CPU = Debug|Any CPU
		Release|Any CPU = Release|Any CPU
	EndGlobalSection
	GlobalSection(ProjectConfigurationPlatforms) = postSolution
		{866B676A-691C-45BF-A128-9B0B28E45F83}.Debug|Any CPU.ActiveCfg = Debug|Any CPU
		{866B676A-691C-45BF-A128-9B0B28E45F83}.Debug|Any CPU.Build.0 = Debug|Any CPU
		{866B676A-691C-45BF-A128-9B0B28E45F83}.Release|Any CPU.ActiveCfg = Release|Any CPU
		{866B676A-691C-45BF-A128-9B0B28E45F83}.Release|Any CPU.Build.0 = Release|Any CPU
	EndGlobalSection
	GlobalSection(SolutionProperties) = preSolution
		HideSolutionNode = FALSE
	EndGlobalSection
	GlobalSection(ExtensibilityGlobals) = postSolution
		SolutionGuid = {A04C0642-CC87-45EF-9747-D8858D130AC7}
	EndGlobalSection
EndGlobal
